// !$*UTF8*$!
{
	archiveVersion = 1;
	classes = {
	};
	objectVersion = 46;
	objects = {

/* Begin PBXBuildFile section */
		0FF8C391AB61901CF2CCC8CF /* Pods_ProjectManagementAppTests.framework in Frameworks */ = {isa = PBXBuildFile; fileRef = 6D9AD9E9DFDE0F759587C6DE /* Pods_ProjectManagementAppTests.framework */; };
		BE13A87D90024E379F8EC7DC /* Pods_ProjectManagementApp.framework in Frameworks */ = {isa = PBXBuildFile; fileRef = 116C2F6382AFEC6A972A165C /* Pods_ProjectManagementApp.framework */; };
		C703A63B1F46038400C69625 /* Note.swift in Sources */ = {isa = PBXBuildFile; fileRef = C703A63A1F46038400C69625 /* Note.swift */; };
		C7100C2C1F434CE5005D690E /* Task.swift in Sources */ = {isa = PBXBuildFile; fileRef = C7100C2B1F434CE5005D690E /* Task.swift */; };
		C7100C2E1F434D81005D690E /* Project.swift in Sources */ = {isa = PBXBuildFile; fileRef = C7100C2D1F434D81005D690E /* Project.swift */; };
		C71423951F324C6B00A191F7 /* HomePageViewController.swift in Sources */ = {isa = PBXBuildFile; fileRef = C71423941F324C6B00A191F7 /* HomePageViewController.swift */; };
		C75B20591F2FD42E00EDF48A /* AppDelegate.swift in Sources */ = {isa = PBXBuildFile; fileRef = C75B20581F2FD42E00EDF48A /* AppDelegate.swift */; };
		C75B205E1F2FD42E00EDF48A /* Main.storyboard in Resources */ = {isa = PBXBuildFile; fileRef = C75B205C1F2FD42E00EDF48A /* Main.storyboard */; };
		C75B20601F2FD42E00EDF48A /* Assets.xcassets in Resources */ = {isa = PBXBuildFile; fileRef = C75B205F1F2FD42E00EDF48A /* Assets.xcassets */; };
		C75B20631F2FD42E00EDF48A /* LaunchScreen.storyboard in Resources */ = {isa = PBXBuildFile; fileRef = C75B20611F2FD42E00EDF48A /* LaunchScreen.storyboard */; };
		C75B206E1F2FD42E00EDF48A /* ProjectManagementAppTests.swift in Sources */ = {isa = PBXBuildFile; fileRef = C75B206D1F2FD42E00EDF48A /* ProjectManagementAppTests.swift */; };
		C7703E581F3919E9007CB7AA /* DashboardViewController.swift in Sources */ = {isa = PBXBuildFile; fileRef = C7703E571F3919E9007CB7AA /* DashboardViewController.swift */; };
		C7703E5A1F395C77007CB7AA /* TasksViewController.swift in Sources */ = {isa = PBXBuildFile; fileRef = C7703E591F395C77007CB7AA /* TasksViewController.swift */; };
		C7703E601F397380007CB7AA /* TasksTableViewCell.swift in Sources */ = {isa = PBXBuildFile; fileRef = C7703E5F1F397380007CB7AA /* TasksTableViewCell.swift */; };
		C7703E621F397EAF007CB7AA /* NewTaskViewController.swift in Sources */ = {isa = PBXBuildFile; fileRef = C7703E611F397EAF007CB7AA /* NewTaskViewController.swift */; };
		C7AE558A1F32D6C700826AB0 /* ProjectViewController.swift in Sources */ = {isa = PBXBuildFile; fileRef = C7AE55891F32D6C700826AB0 /* ProjectViewController.swift */; };
		C7CE5D791F44E55A00A7228A /* Brain.swift in Sources */ = {isa = PBXBuildFile; fileRef = C7CE5D781F44E55A00A7228A /* Brain.swift */; };
		C7D61D931F420FFC002439A4 /* ProjectTrackingViewController.swift in Sources */ = {isa = PBXBuildFile; fileRef = C7D61D921F420FFC002439A4 /* ProjectTrackingViewController.swift */; };
		C7D61D951F421074002439A4 /* DashboardTableViewCell.swift in Sources */ = {isa = PBXBuildFile; fileRef = C7D61D941F421074002439A4 /* DashboardTableViewCell.swift */; };
		C7D61D991F4223F1002439A4 /* ProjectTrackingTableViewCell.swift in Sources */ = {isa = PBXBuildFile; fileRef = C7D61D981F4223F1002439A4 /* ProjectTrackingTableViewCell.swift */; };
		C7D61D9B1F423C85002439A4 /* TaskStatusViewController.swift in Sources */ = {isa = PBXBuildFile; fileRef = C7D61D9A1F423C85002439A4 /* TaskStatusViewController.swift */; };
		C7D61D9E1F424D6C002439A4 /* DatabaseManager.swift in Sources */ = {isa = PBXBuildFile; fileRef = C7D61D9D1F424D6C002439A4 /* DatabaseManager.swift */; };
		C7ECB0BC1F409F5300622A4B /* NewTaskTableViewCell.swift in Sources */ = {isa = PBXBuildFile; fileRef = C7ECB0BB1F409F5300622A4B /* NewTaskTableViewCell.swift */; };
		C7ECB0BE1F40CD2800622A4B /* NotesViewController.swift in Sources */ = {isa = PBXBuildFile; fileRef = C7ECB0BD1F40CD2800622A4B /* NotesViewController.swift */; };
		C7ECB0C01F40CDCD00622A4B /* NotesTableViewCell.swift in Sources */ = {isa = PBXBuildFile; fileRef = C7ECB0BF1F40CDCD00622A4B /* NotesTableViewCell.swift */; };
		C7ECB0C21F40E23A00622A4B /* ProjectsTableViewCell.swift in Sources */ = {isa = PBXBuildFile; fileRef = C7ECB0C11F40E23A00622A4B /* ProjectsTableViewCell.swift */; };
/* End PBXBuildFile section */

/* Begin PBXContainerItemProxy section */
		C75B206A1F2FD42E00EDF48A /* PBXContainerItemProxy */ = {
			isa = PBXContainerItemProxy;
			containerPortal = C75B204D1F2FD42E00EDF48A /* Project object */;
			proxyType = 1;
			remoteGlobalIDString = C75B20541F2FD42E00EDF48A;
			remoteInfo = ProjectManagementApp;
		};
/* End PBXContainerItemProxy section */

/* Begin PBXCopyFilesBuildPhase section */
		C75B20831F2FF5EC00EDF48A /* Embed Frameworks */ = {
			isa = PBXCopyFilesBuildPhase;
			buildActionMask = 2147483647;
			dstPath = "";
			dstSubfolderSpec = 10;
			files = (
			);
			name = "Embed Frameworks";
			runOnlyForDeploymentPostprocessing = 0;
		};
/* End PBXCopyFilesBuildPhase section */

/* Begin PBXFileReference section */
		116C2F6382AFEC6A972A165C /* Pods_ProjectManagementApp.framework */ = {isa = PBXFileReference; explicitFileType = wrapper.framework; includeInIndex = 0; path = Pods_ProjectManagementApp.framework; sourceTree = BUILT_PRODUCTS_DIR; };
		1FD9F70566E91ABC4C2F91CF /* Pods-ProjectManagementApp.release.xcconfig */ = {isa = PBXFileReference; includeInIndex = 1; lastKnownFileType = text.xcconfig; name = "Pods-ProjectManagementApp.release.xcconfig"; path = "Pods/Target Support Files/Pods-ProjectManagementApp/Pods-ProjectManagementApp.release.xcconfig"; sourceTree = "<group>"; };
		36BB06CF98B59A4B38BB1C18 /* Pods-ProjectManagementAppTests.debug.xcconfig */ = {isa = PBXFileReference; includeInIndex = 1; lastKnownFileType = text.xcconfig; name = "Pods-ProjectManagementAppTests.debug.xcconfig"; path = "Pods/Target Support Files/Pods-ProjectManagementAppTests/Pods-ProjectManagementAppTests.debug.xcconfig"; sourceTree = "<group>"; };
		3D6780A172DAB451676710A7 /* Pods-ProjectManagementAppTests.release.xcconfig */ = {isa = PBXFileReference; includeInIndex = 1; lastKnownFileType = text.xcconfig; name = "Pods-ProjectManagementAppTests.release.xcconfig"; path = "Pods/Target Support Files/Pods-ProjectManagementAppTests/Pods-ProjectManagementAppTests.release.xcconfig"; sourceTree = "<group>"; };
		6D9AD9E9DFDE0F759587C6DE /* Pods_ProjectManagementAppTests.framework */ = {isa = PBXFileReference; explicitFileType = wrapper.framework; includeInIndex = 0; path = Pods_ProjectManagementAppTests.framework; sourceTree = BUILT_PRODUCTS_DIR; };
		8C03DDE1DE95D84BD7E5C9D2 /* Pods-ProjectManagementApp.debug.xcconfig */ = {isa = PBXFileReference; includeInIndex = 1; lastKnownFileType = text.xcconfig; name = "Pods-ProjectManagementApp.debug.xcconfig"; path = "Pods/Target Support Files/Pods-ProjectManagementApp/Pods-ProjectManagementApp.debug.xcconfig"; sourceTree = "<group>"; };
		C703A63A1F46038400C69625 /* Note.swift */ = {isa = PBXFileReference; fileEncoding = 4; lastKnownFileType = sourcecode.swift; path = Note.swift; sourceTree = "<group>"; };
		C7100C2B1F434CE5005D690E /* Task.swift */ = {isa = PBXFileReference; fileEncoding = 4; lastKnownFileType = sourcecode.swift; path = Task.swift; sourceTree = "<group>"; };
		C7100C2D1F434D81005D690E /* Project.swift */ = {isa = PBXFileReference; fileEncoding = 4; lastKnownFileType = sourcecode.swift; path = Project.swift; sourceTree = "<group>"; };
		C71423941F324C6B00A191F7 /* HomePageViewController.swift */ = {isa = PBXFileReference; fileEncoding = 4; lastKnownFileType = sourcecode.swift; path = HomePageViewController.swift; sourceTree = "<group>"; };
		C75B20551F2FD42E00EDF48A /* ProjectManagementApp.app */ = {isa = PBXFileReference; explicitFileType = wrapper.application; includeInIndex = 0; path = ProjectManagementApp.app; sourceTree = BUILT_PRODUCTS_DIR; };
		C75B20581F2FD42E00EDF48A /* AppDelegate.swift */ = {isa = PBXFileReference; lastKnownFileType = sourcecode.swift; path = AppDelegate.swift; sourceTree = "<group>"; };
		C75B205D1F2FD42E00EDF48A /* Base */ = {isa = PBXFileReference; lastKnownFileType = file.storyboard; name = Base; path = Base.lproj/Main.storyboard; sourceTree = "<group>"; };
		C75B205F1F2FD42E00EDF48A /* Assets.xcassets */ = {isa = PBXFileReference; lastKnownFileType = folder.assetcatalog; path = Assets.xcassets; sourceTree = "<group>"; };
		C75B20621F2FD42E00EDF48A /* Base */ = {isa = PBXFileReference; lastKnownFileType = file.storyboard; name = Base; path = Base.lproj/LaunchScreen.storyboard; sourceTree = "<group>"; };
		C75B20641F2FD42E00EDF48A /* Info.plist */ = {isa = PBXFileReference; lastKnownFileType = text.plist.xml; path = Info.plist; sourceTree = "<group>"; };
		C75B20691F2FD42E00EDF48A /* ProjectManagementAppTests.xctest */ = {isa = PBXFileReference; explicitFileType = wrapper.cfbundle; includeInIndex = 0; path = ProjectManagementAppTests.xctest; sourceTree = BUILT_PRODUCTS_DIR; };
		C75B206D1F2FD42E00EDF48A /* ProjectManagementAppTests.swift */ = {isa = PBXFileReference; lastKnownFileType = sourcecode.swift; path = ProjectManagementAppTests.swift; sourceTree = "<group>"; };
		C75B206F1F2FD42E00EDF48A /* Info.plist */ = {isa = PBXFileReference; lastKnownFileType = text.plist.xml; path = Info.plist; sourceTree = "<group>"; };
		C7703E571F3919E9007CB7AA /* DashboardViewController.swift */ = {isa = PBXFileReference; fileEncoding = 4; lastKnownFileType = sourcecode.swift; path = DashboardViewController.swift; sourceTree = "<group>"; };
		C7703E591F395C77007CB7AA /* TasksViewController.swift */ = {isa = PBXFileReference; fileEncoding = 4; lastKnownFileType = sourcecode.swift; path = TasksViewController.swift; sourceTree = "<group>"; };
		C7703E5F1F397380007CB7AA /* TasksTableViewCell.swift */ = {isa = PBXFileReference; fileEncoding = 4; lastKnownFileType = sourcecode.swift; path = TasksTableViewCell.swift; sourceTree = "<group>"; };
		C7703E611F397EAF007CB7AA /* NewTaskViewController.swift */ = {isa = PBXFileReference; fileEncoding = 4; lastKnownFileType = sourcecode.swift; path = NewTaskViewController.swift; sourceTree = "<group>"; };
		C7AE55891F32D6C700826AB0 /* ProjectViewController.swift */ = {isa = PBXFileReference; fileEncoding = 4; lastKnownFileType = sourcecode.swift; path = ProjectViewController.swift; sourceTree = "<group>"; };
		C7CE5D781F44E55A00A7228A /* Brain.swift */ = {isa = PBXFileReference; fileEncoding = 4; lastKnownFileType = sourcecode.swift; path = Brain.swift; sourceTree = "<group>"; };
		C7D61D921F420FFC002439A4 /* ProjectTrackingViewController.swift */ = {isa = PBXFileReference; fileEncoding = 4; lastKnownFileType = sourcecode.swift; path = ProjectTrackingViewController.swift; sourceTree = "<group>"; };
		C7D61D941F421074002439A4 /* DashboardTableViewCell.swift */ = {isa = PBXFileReference; fileEncoding = 4; lastKnownFileType = sourcecode.swift; path = DashboardTableViewCell.swift; sourceTree = "<group>"; };
		C7D61D981F4223F1002439A4 /* ProjectTrackingTableViewCell.swift */ = {isa = PBXFileReference; fileEncoding = 4; lastKnownFileType = sourcecode.swift; path = ProjectTrackingTableViewCell.swift; sourceTree = "<group>"; };
		C7D61D9A1F423C85002439A4 /* TaskStatusViewController.swift */ = {isa = PBXFileReference; fileEncoding = 4; lastKnownFileType = sourcecode.swift; path = TaskStatusViewController.swift; sourceTree = "<group>"; };
		C7D61D9D1F424D6C002439A4 /* DatabaseManager.swift */ = {isa = PBXFileReference; fileEncoding = 4; lastKnownFileType = sourcecode.swift; path = DatabaseManager.swift; sourceTree = "<group>"; };
		C7ECB0BB1F409F5300622A4B /* NewTaskTableViewCell.swift */ = {isa = PBXFileReference; fileEncoding = 4; lastKnownFileType = sourcecode.swift; path = NewTaskTableViewCell.swift; sourceTree = "<group>"; };
		C7ECB0BD1F40CD2800622A4B /* NotesViewController.swift */ = {isa = PBXFileReference; fileEncoding = 4; lastKnownFileType = sourcecode.swift; path = NotesViewController.swift; sourceTree = "<group>"; };
		C7ECB0BF1F40CDCD00622A4B /* NotesTableViewCell.swift */ = {isa = PBXFileReference; fileEncoding = 4; lastKnownFileType = sourcecode.swift; path = NotesTableViewCell.swift; sourceTree = "<group>"; };
		C7ECB0C11F40E23A00622A4B /* ProjectsTableViewCell.swift */ = {isa = PBXFileReference; fileEncoding = 4; lastKnownFileType = sourcecode.swift; path = ProjectsTableViewCell.swift; sourceTree = "<group>"; };
/* End PBXFileReference section */

/* Begin PBXFrameworksBuildPhase section */
		C75B20521F2FD42E00EDF48A /* Frameworks */ = {
			isa = PBXFrameworksBuildPhase;
			buildActionMask = 2147483647;
			files = (
				BE13A87D90024E379F8EC7DC /* Pods_ProjectManagementApp.framework in Frameworks */,
			);
			runOnlyForDeploymentPostprocessing = 0;
		};
		C75B20661F2FD42E00EDF48A /* Frameworks */ = {
			isa = PBXFrameworksBuildPhase;
			buildActionMask = 2147483647;
			files = (
				0FF8C391AB61901CF2CCC8CF /* Pods_ProjectManagementAppTests.framework in Frameworks */,
			);
			runOnlyForDeploymentPostprocessing = 0;
		};
/* End PBXFrameworksBuildPhase section */

/* Begin PBXGroup section */
		C75B204C1F2FD42E00EDF48A = {
			isa = PBXGroup;
			children = (
				C75B20571F2FD42E00EDF48A /* ProjectManagementApp */,
				C75B206C1F2FD42E00EDF48A /* ProjectManagementAppTests */,
				C75B20561F2FD42E00EDF48A /* Products */,
				F378F006D5BD5FE224301990 /* Pods */,
				EC61545AD5123CA423E16627 /* Frameworks */,
			);
			sourceTree = "<group>";
		};
		C75B20561F2FD42E00EDF48A /* Products */ = {
			isa = PBXGroup;
			children = (
				C75B20551F2FD42E00EDF48A /* ProjectManagementApp.app */,
				C75B20691F2FD42E00EDF48A /* ProjectManagementAppTests.xctest */,
			);
			name = Products;
			sourceTree = "<group>";
		};
		C75B20571F2FD42E00EDF48A /* ProjectManagementApp */ = {
			isa = PBXGroup;
			children = (
				C7D61D9C1F424D48002439A4 /* Manager */,
				C75B207A1F2FEEC900EDF48A /* Model */,
				C75B20791F2FEEBF00EDF48A /* View */,
				C75B20781F2FEE8000EDF48A /* Controller */,
				C7CE5D7A1F455B4400A7228A /* Delegate */,
				C75B205F1F2FD42E00EDF48A /* Assets.xcassets */,
				C75B20641F2FD42E00EDF48A /* Info.plist */,
			);
			path = ProjectManagementApp;
			sourceTree = "<group>";
		};
		C75B206C1F2FD42E00EDF48A /* ProjectManagementAppTests */ = {
			isa = PBXGroup;
			children = (
				C75B206D1F2FD42E00EDF48A /* ProjectManagementAppTests.swift */,
				C75B206F1F2FD42E00EDF48A /* Info.plist */,
			);
			path = ProjectManagementAppTests;
			sourceTree = "<group>";
		};
		C75B20781F2FEE8000EDF48A /* Controller */ = {
			isa = PBXGroup;
			children = (
				C71423941F324C6B00A191F7 /* HomePageViewController.swift */,
				C7AE55891F32D6C700826AB0 /* ProjectViewController.swift */,
				C7703E571F3919E9007CB7AA /* DashboardViewController.swift */,
				C7703E591F395C77007CB7AA /* TasksViewController.swift */,
				C7703E611F397EAF007CB7AA /* NewTaskViewController.swift */,
				C7ECB0BD1F40CD2800622A4B /* NotesViewController.swift */,
				C7D61D921F420FFC002439A4 /* ProjectTrackingViewController.swift */,
				C7D61D9A1F423C85002439A4 /* TaskStatusViewController.swift */,
			);
			name = Controller;
			sourceTree = "<group>";
		};
		C75B20791F2FEEBF00EDF48A /* View */ = {
			isa = PBXGroup;
			children = (
				C7703E5F1F397380007CB7AA /* TasksTableViewCell.swift */,
				C7ECB0BB1F409F5300622A4B /* NewTaskTableViewCell.swift */,
				C7ECB0BF1F40CDCD00622A4B /* NotesTableViewCell.swift */,
				C7ECB0C11F40E23A00622A4B /* ProjectsTableViewCell.swift */,
				C7D61D941F421074002439A4 /* DashboardTableViewCell.swift */,
				C7D61D981F4223F1002439A4 /* ProjectTrackingTableViewCell.swift */,
				C75B205C1F2FD42E00EDF48A /* Main.storyboard */,
				C75B20611F2FD42E00EDF48A /* LaunchScreen.storyboard */,
			);
			name = View;
			sourceTree = "<group>";
		};
		C75B207A1F2FEEC900EDF48A /* Model */ = {
			isa = PBXGroup;
			children = (
				C7100C2B1F434CE5005D690E /* Task.swift */,
				C7100C2D1F434D81005D690E /* Project.swift */,
				C703A63A1F46038400C69625 /* Note.swift */,
			);
			name = Model;
			sourceTree = "<group>";
		};
		C7CE5D7A1F455B4400A7228A /* Delegate */ = {
			isa = PBXGroup;
			children = (
				C75B20581F2FD42E00EDF48A /* AppDelegate.swift */,
			);
			name = Delegate;
			sourceTree = "<group>";
		};
		C7D61D9C1F424D48002439A4 /* Manager */ = {
			isa = PBXGroup;
			children = (
				C7D61D9D1F424D6C002439A4 /* DatabaseManager.swift */,
				C7CE5D781F44E55A00A7228A /* Brain.swift */,
			);
			name = Manager;
			sourceTree = "<group>";
		};
		EC61545AD5123CA423E16627 /* Frameworks */ = {
			isa = PBXGroup;
			children = (
				116C2F6382AFEC6A972A165C /* Pods_ProjectManagementApp.framework */,
				6D9AD9E9DFDE0F759587C6DE /* Pods_ProjectManagementAppTests.framework */,
			);
			name = Frameworks;
			sourceTree = "<group>";
		};
		F378F006D5BD5FE224301990 /* Pods */ = {
			isa = PBXGroup;
			children = (
				8C03DDE1DE95D84BD7E5C9D2 /* Pods-ProjectManagementApp.debug.xcconfig */,
				1FD9F70566E91ABC4C2F91CF /* Pods-ProjectManagementApp.release.xcconfig */,
				36BB06CF98B59A4B38BB1C18 /* Pods-ProjectManagementAppTests.debug.xcconfig */,
				3D6780A172DAB451676710A7 /* Pods-ProjectManagementAppTests.release.xcconfig */,
			);
			name = Pods;
			sourceTree = "<group>";
		};
/* End PBXGroup section */

/* Begin PBXNativeTarget section */
		C75B20541F2FD42E00EDF48A /* ProjectManagementApp */ = {
			isa = PBXNativeTarget;
			buildConfigurationList = C75B20721F2FD42E00EDF48A /* Build configuration list for PBXNativeTarget "ProjectManagementApp" */;
			buildPhases = (
				41253A357E3ECE8CF9AE7C56 /* [CP] Check Pods Manifest.lock */,
				C75B20511F2FD42E00EDF48A /* Sources */,
				C75B20521F2FD42E00EDF48A /* Frameworks */,
				C75B20531F2FD42E00EDF48A /* Resources */,
				C75B20831F2FF5EC00EDF48A /* Embed Frameworks */,
				C75B20841F2FF62200EDF48A /* ShellScript */,
				EE8AF14F50DC24C74C7E8363 /* [CP] Embed Pods Frameworks */,
				E49FACC578C073AA5E985D9E /* [CP] Copy Pods Resources */,
			);
			buildRules = (
			);
			dependencies = (
			);
			name = ProjectManagementApp;
			productName = ProjectManagementApp;
			productReference = C75B20551F2FD42E00EDF48A /* ProjectManagementApp.app */;
			productType = "com.apple.product-type.application";
		};
		C75B20681F2FD42E00EDF48A /* ProjectManagementAppTests */ = {
			isa = PBXNativeTarget;
			buildConfigurationList = C75B20751F2FD42E00EDF48A /* Build configuration list for PBXNativeTarget "ProjectManagementAppTests" */;
			buildPhases = (
				5D1908CCEC6FCC0879159A19 /* [CP] Check Pods Manifest.lock */,
				C75B20651F2FD42E00EDF48A /* Sources */,
				C75B20661F2FD42E00EDF48A /* Frameworks */,
				C75B20671F2FD42E00EDF48A /* Resources */,
				7C3FEA3898F04E49A46C467D /* [CP] Embed Pods Frameworks */,
				B0BEDBF891EEE4B5878859B8 /* [CP] Copy Pods Resources */,
			);
			buildRules = (
			);
			dependencies = (
				C75B206B1F2FD42E00EDF48A /* PBXTargetDependency */,
			);
			name = ProjectManagementAppTests;
			productName = ProjectManagementAppTests;
			productReference = C75B20691F2FD42E00EDF48A /* ProjectManagementAppTests.xctest */;
			productType = "com.apple.product-type.bundle.unit-test";
		};
/* End PBXNativeTarget section */

/* Begin PBXProject section */
		C75B204D1F2FD42E00EDF48A /* Project object */ = {
			isa = PBXProject;
			attributes = {
				LastSwiftUpdateCheck = 0830;
				LastUpgradeCheck = 0830;
				ORGANIZATIONNAME = "Asal Rostami";
				TargetAttributes = {
					C75B20541F2FD42E00EDF48A = {
						CreatedOnToolsVersion = 8.3.1;
						DevelopmentTeam = 4KBRQGT6BP;
						ProvisioningStyle = Automatic;
					};
					C75B20681F2FD42E00EDF48A = {
						CreatedOnToolsVersion = 8.3.1;
						DevelopmentTeam = 4KBRQGT6BP;
						ProvisioningStyle = Automatic;
						TestTargetID = C75B20541F2FD42E00EDF48A;
					};
				};
			};
			buildConfigurationList = C75B20501F2FD42E00EDF48A /* Build configuration list for PBXProject "ProjectManagementApp" */;
			compatibilityVersion = "Xcode 3.2";
			developmentRegion = English;
			hasScannedForEncodings = 0;
			knownRegions = (
				en,
				Base,
			);
			mainGroup = C75B204C1F2FD42E00EDF48A;
			productRefGroup = C75B20561F2FD42E00EDF48A /* Products */;
			projectDirPath = "";
			projectRoot = "";
			targets = (
				C75B20541F2FD42E00EDF48A /* ProjectManagementApp */,
				C75B20681F2FD42E00EDF48A /* ProjectManagementAppTests */,
			);
		};
/* End PBXProject section */

/* Begin PBXResourcesBuildPhase section */
		C75B20531F2FD42E00EDF48A /* Resources */ = {
			isa = PBXResourcesBuildPhase;
			buildActionMask = 2147483647;
			files = (
				C75B20631F2FD42E00EDF48A /* LaunchScreen.storyboard in Resources */,
				C75B20601F2FD42E00EDF48A /* Assets.xcassets in Resources */,
				C75B205E1F2FD42E00EDF48A /* Main.storyboard in Resources */,
			);
			runOnlyForDeploymentPostprocessing = 0;
		};
		C75B20671F2FD42E00EDF48A /* Resources */ = {
			isa = PBXResourcesBuildPhase;
			buildActionMask = 2147483647;
			files = (
			);
			runOnlyForDeploymentPostprocessing = 0;
		};
/* End PBXResourcesBuildPhase section */

/* Begin PBXShellScriptBuildPhase section */
		41253A357E3ECE8CF9AE7C56 /* [CP] Check Pods Manifest.lock */ = {
			isa = PBXShellScriptBuildPhase;
			buildActionMask = 2147483647;
			files = (
			);
			inputPaths = (
			);
			name = "[CP] Check Pods Manifest.lock";
			outputPaths = (
			);
			runOnlyForDeploymentPostprocessing = 0;
			shellPath = /bin/sh;
			shellScript = "diff \"${PODS_PODFILE_DIR_PATH}/Podfile.lock\" \"${PODS_ROOT}/Manifest.lock\" > /dev/null\nif [ $? != 0 ] ; then\n    # print error to STDERR\n    echo \"error: The sandbox is not in sync with the Podfile.lock. Run 'pod install' or update your CocoaPods installation.\" >&2\n    exit 1\nfi\n";
			showEnvVarsInLog = 0;
		};
		5D1908CCEC6FCC0879159A19 /* [CP] Check Pods Manifest.lock */ = {
			isa = PBXShellScriptBuildPhase;
			buildActionMask = 2147483647;
			files = (
			);
			inputPaths = (
			);
			name = "[CP] Check Pods Manifest.lock";
			outputPaths = (
			);
			runOnlyForDeploymentPostprocessing = 0;
			shellPath = /bin/sh;
			shellScript = "diff \"${PODS_PODFILE_DIR_PATH}/Podfile.lock\" \"${PODS_ROOT}/Manifest.lock\" > /dev/null\nif [ $? != 0 ] ; then\n    # print error to STDERR\n    echo \"error: The sandbox is not in sync with the Podfile.lock. Run 'pod install' or update your CocoaPods installation.\" >&2\n    exit 1\nfi\n";
			showEnvVarsInLog = 0;
		};
		7C3FEA3898F04E49A46C467D /* [CP] Embed Pods Frameworks */ = {
			isa = PBXShellScriptBuildPhase;
			buildActionMask = 2147483647;
			files = (
			);
			inputPaths = (
			);
			name = "[CP] Embed Pods Frameworks";
			outputPaths = (
			);
			runOnlyForDeploymentPostprocessing = 0;
			shellPath = /bin/sh;
			shellScript = "\"${SRCROOT}/Pods/Target Support Files/Pods-ProjectManagementAppTests/Pods-ProjectManagementAppTests-frameworks.sh\"\n";
			showEnvVarsInLog = 0;
		};
		B0BEDBF891EEE4B5878859B8 /* [CP] Copy Pods Resources */ = {
			isa = PBXShellScriptBuildPhase;
			buildActionMask = 2147483647;
			files = (
			);
			inputPaths = (
			);
			name = "[CP] Copy Pods Resources";
			outputPaths = (
			);
			runOnlyForDeploymentPostprocessing = 0;
			shellPath = /bin/sh;
			shellScript = "\"${SRCROOT}/Pods/Target Support Files/Pods-ProjectManagementAppTests/Pods-ProjectManagementAppTests-resources.sh\"\n";
			showEnvVarsInLog = 0;
		};
		C75B20841F2FF62200EDF48A /* ShellScript */ = {
			isa = PBXShellScriptBuildPhase;
			buildActionMask = 2147483647;
			files = (
			);
			inputPaths = (
			);
			outputPaths = (
			);
			runOnlyForDeploymentPostprocessing = 0;
			shellPath = /bin/sh;
			shellScript = "";
		};
		E49FACC578C073AA5E985D9E /* [CP] Copy Pods Resources */ = {
			isa = PBXShellScriptBuildPhase;
			buildActionMask = 2147483647;
			files = (
			);
			inputPaths = (
			);
			name = "[CP] Copy Pods Resources";
			outputPaths = (
			);
			runOnlyForDeploymentPostprocessing = 0;
			shellPath = /bin/sh;
			shellScript = "\"${SRCROOT}/Pods/Target Support Files/Pods-ProjectManagementApp/Pods-ProjectManagementApp-resources.sh\"\n";
			showEnvVarsInLog = 0;
		};
		EE8AF14F50DC24C74C7E8363 /* [CP] Embed Pods Frameworks */ = {
			isa = PBXShellScriptBuildPhase;
			buildActionMask = 2147483647;
			files = (
			);
			inputPaths = (
			);
			name = "[CP] Embed Pods Frameworks";
			outputPaths = (
			);
			runOnlyForDeploymentPostprocessing = 0;
			shellPath = /bin/sh;
			shellScript = "\"${SRCROOT}/Pods/Target Support Files/Pods-ProjectManagementApp/Pods-ProjectManagementApp-frameworks.sh\"\n";
			showEnvVarsInLog = 0;
		};
/* End PBXShellScriptBuildPhase section */

/* Begin PBXSourcesBuildPhase section */
		C75B20511F2FD42E00EDF48A /* Sources */ = {
			isa = PBXSourcesBuildPhase;
			buildActionMask = 2147483647;
			files = (
				C7AE558A1F32D6C700826AB0 /* ProjectViewController.swift in Sources */,
				C75B20591F2FD42E00EDF48A /* AppDelegate.swift in Sources */,
				C7D61D9B1F423C85002439A4 /* TaskStatusViewController.swift in Sources */,
				C7CE5D791F44E55A00A7228A /* Brain.swift in Sources */,
				C7D61D991F4223F1002439A4 /* ProjectTrackingTableViewCell.swift in Sources */,
				C7703E581F3919E9007CB7AA /* DashboardViewController.swift in Sources */,
				C7703E601F397380007CB7AA /* TasksTableViewCell.swift in Sources */,
				C71423951F324C6B00A191F7 /* HomePageViewController.swift in Sources */,
				C7D61D9E1F424D6C002439A4 /* DatabaseManager.swift in Sources */,
				C7D61D951F421074002439A4 /* DashboardTableViewCell.swift in Sources */,
				C7ECB0C01F40CDCD00622A4B /* NotesTableViewCell.swift in Sources */,
				C7ECB0C21F40E23A00622A4B /* ProjectsTableViewCell.swift in Sources */,
				C7D61D931F420FFC002439A4 /* ProjectTrackingViewController.swift in Sources */,
				C7ECB0BC1F409F5300622A4B /* NewTaskTableViewCell.swift in Sources */,
				C7ECB0BE1F40CD2800622A4B /* NotesViewController.swift in Sources */,
				C703A63B1F46038400C69625 /* Note.swift in Sources */,
				C7703E621F397EAF007CB7AA /* NewTaskViewController.swift in Sources */,
				C7100C2C1F434CE5005D690E /* Task.swift in Sources */,
				C7703E5A1F395C77007CB7AA /* TasksViewController.swift in Sources */,
				C7100C2E1F434D81005D690E /* Project.swift in Sources */,
			);
			runOnlyForDeploymentPostprocessing = 0;
		};
		C75B20651F2FD42E00EDF48A /* Sources */ = {
			isa = PBXSourcesBuildPhase;
			buildActionMask = 2147483647;
			files = (
				C75B206E1F2FD42E00EDF48A /* ProjectManagementAppTests.swift in Sources */,
			);
			runOnlyForDeploymentPostprocessing = 0;
		};
/* End PBXSourcesBuildPhase section */

/* Begin PBXTargetDependency section */
		C75B206B1F2FD42E00EDF48A /* PBXTargetDependency */ = {
			isa = PBXTargetDependency;
			target = C75B20541F2FD42E00EDF48A /* ProjectManagementApp */;
			targetProxy = C75B206A1F2FD42E00EDF48A /* PBXContainerItemProxy */;
		};
/* End PBXTargetDependency section */

/* Begin PBXVariantGroup section */
		C75B205C1F2FD42E00EDF48A /* Main.storyboard */ = {
			isa = PBXVariantGroup;
			children = (
				C75B205D1F2FD42E00EDF48A /* Base */,
			);
			name = Main.storyboard;
			sourceTree = "<group>";
		};
		C75B20611F2FD42E00EDF48A /* LaunchScreen.storyboard */ = {
			isa = PBXVariantGroup;
			children = (
				C75B20621F2FD42E00EDF48A /* Base */,
			);
			name = LaunchScreen.storyboard;
			sourceTree = "<group>";
		};
/* End PBXVariantGroup section */

/* Begin XCBuildConfiguration section */
		C75B20701F2FD42E00EDF48A /* Debug */ = {
			isa = XCBuildConfiguration;
			buildSettings = {
				ALWAYS_SEARCH_USER_PATHS = NO;
				CLANG_ANALYZER_NONNULL = YES;
				CLANG_ANALYZER_NUMBER_OBJECT_CONVERSION = YES_AGGRESSIVE;
				CLANG_CXX_LANGUAGE_STANDARD = "gnu++0x";
				CLANG_CXX_LIBRARY = "libc++";
				CLANG_ENABLE_MODULES = YES;
				CLANG_ENABLE_OBJC_ARC = YES;
				CLANG_WARN_BOOL_CONVERSION = YES;
				CLANG_WARN_CONSTANT_CONVERSION = YES;
				CLANG_WARN_DIRECT_OBJC_ISA_USAGE = YES_ERROR;
				CLANG_WARN_DOCUMENTATION_COMMENTS = YES;
				CLANG_WARN_EMPTY_BODY = YES;
				CLANG_WARN_ENUM_CONVERSION = YES;
				CLANG_WARN_INFINITE_RECURSION = YES;
				CLANG_WARN_INT_CONVERSION = YES;
				CLANG_WARN_OBJC_ROOT_CLASS = YES_ERROR;
				CLANG_WARN_SUSPICIOUS_MOVE = YES;
				CLANG_WARN_UNREACHABLE_CODE = YES;
				CLANG_WARN__DUPLICATE_METHOD_MATCH = YES;
				"CODE_SIGN_IDENTITY[sdk=iphoneos*]" = "iPhone Developer";
				COPY_PHASE_STRIP = NO;
				DEBUG_INFORMATION_FORMAT = dwarf;
				ENABLE_STRICT_OBJC_MSGSEND = YES;
				ENABLE_TESTABILITY = YES;
				GCC_C_LANGUAGE_STANDARD = gnu99;
				GCC_DYNAMIC_NO_PIC = NO;
				GCC_NO_COMMON_BLOCKS = YES;
				GCC_OPTIMIZATION_LEVEL = 0;
				GCC_PREPROCESSOR_DEFINITIONS = (
					"DEBUG=1",
					"$(inherited)",
				);
				GCC_WARN_64_TO_32_BIT_CONVERSION = YES;
				GCC_WARN_ABOUT_RETURN_TYPE = YES_ERROR;
				GCC_WARN_UNDECLARED_SELECTOR = YES;
				GCC_WARN_UNINITIALIZED_AUTOS = YES_AGGRESSIVE;
				GCC_WARN_UNUSED_FUNCTION = YES;
				GCC_WARN_UNUSED_VARIABLE = YES;
				IPHONEOS_DEPLOYMENT_TARGET = 10.3;
				MTL_ENABLE_DEBUG_INFO = YES;
				ONLY_ACTIVE_ARCH = YES;
				SDKROOT = iphoneos;
				SWIFT_ACTIVE_COMPILATION_CONDITIONS = DEBUG;
				SWIFT_OPTIMIZATION_LEVEL = "-Onone";
				TARGETED_DEVICE_FAMILY = "1,2";
			};
			name = Debug;
		};
		C75B20711F2FD42E00EDF48A /* Release */ = {
			isa = XCBuildConfiguration;
			buildSettings = {
				ALWAYS_SEARCH_USER_PATHS = NO;
				CLANG_ANALYZER_NONNULL = YES;
				CLANG_ANALYZER_NUMBER_OBJECT_CONVERSION = YES_AGGRESSIVE;
				CLANG_CXX_LANGUAGE_STANDARD = "gnu++0x";
				CLANG_CXX_LIBRARY = "libc++";
				CLANG_ENABLE_MODULES = YES;
				CLANG_ENABLE_OBJC_ARC = YES;
				CLANG_WARN_BOOL_CONVERSION = YES;
				CLANG_WARN_CONSTANT_CONVERSION = YES;
				CLANG_WARN_DIRECT_OBJC_ISA_USAGE = YES_ERROR;
				CLANG_WARN_DOCUMENTATION_COMMENTS = YES;
				CLANG_WARN_EMPTY_BODY = YES;
				CLANG_WARN_ENUM_CONVERSION = YES;
				CLANG_WARN_INFINITE_RECURSION = YES;
				CLANG_WARN_INT_CONVERSION = YES;
				CLANG_WARN_OBJC_ROOT_CLASS = YES_ERROR;
				CLANG_WARN_SUSPICIOUS_MOVE = YES;
				CLANG_WARN_UNREACHABLE_CODE = YES;
				CLANG_WARN__DUPLICATE_METHOD_MATCH = YES;
				"CODE_SIGN_IDENTITY[sdk=iphoneos*]" = "iPhone Developer";
				COPY_PHASE_STRIP = NO;
				DEBUG_INFORMATION_FORMAT = "dwarf-with-dsym";
				ENABLE_NS_ASSERTIONS = NO;
				ENABLE_STRICT_OBJC_MSGSEND = YES;
				GCC_C_LANGUAGE_STANDARD = gnu99;
				GCC_NO_COMMON_BLOCKS = YES;
				GCC_WARN_64_TO_32_BIT_CONVERSION = YES;
				GCC_WARN_ABOUT_RETURN_TYPE = YES_ERROR;
				GCC_WARN_UNDECLARED_SELECTOR = YES;
				GCC_WARN_UNINITIALIZED_AUTOS = YES_AGGRESSIVE;
				GCC_WARN_UNUSED_FUNCTION = YES;
				GCC_WARN_UNUSED_VARIABLE = YES;
				IPHONEOS_DEPLOYMENT_TARGET = 10.3;
				MTL_ENABLE_DEBUG_INFO = NO;
				SDKROOT = iphoneos;
				SWIFT_OPTIMIZATION_LEVEL = "-Owholemodule";
				TARGETED_DEVICE_FAMILY = "1,2";
				VALIDATE_PRODUCT = YES;
			};
			name = Release;
		};
		C75B20731F2FD42E00EDF48A /* Debug */ = {
			isa = XCBuildConfiguration;
			baseConfigurationReference = 8C03DDE1DE95D84BD7E5C9D2 /* Pods-ProjectManagementApp.debug.xcconfig */;
			buildSettings = {
				ASSETCATALOG_COMPILER_APPICON_NAME = AppIcon;
				DEVELOPMENT_TEAM = 4KBRQGT6BP;
				FRAMEWORK_SEARCH_PATHS = (
					"$(inherited)",
					"$(PROJECT_DIR)",
				);
				INFOPLIST_FILE = ProjectManagementApp/Info.plist;
				LD_RUNPATH_SEARCH_PATHS = "$(inherited) @executable_path/Frameworks";
				PRODUCT_BUNDLE_IDENTIFIER = joopooli.ProjectManagementApp;
				PRODUCT_NAME = "$(TARGET_NAME)";
				SWIFT_VERSION = 3.0;
			};
			name = Debug;
		};
		C75B20741F2FD42E00EDF48A /* Release */ = {
			isa = XCBuildConfiguration;
			baseConfigurationReference = 1FD9F70566E91ABC4C2F91CF /* Pods-ProjectManagementApp.release.xcconfig */;
			buildSettings = {
				ASSETCATALOG_COMPILER_APPICON_NAME = AppIcon;
				DEVELOPMENT_TEAM = 4KBRQGT6BP;
				FRAMEWORK_SEARCH_PATHS = (
					"$(inherited)",
					"$(PROJECT_DIR)",
				);
				INFOPLIST_FILE = ProjectManagementApp/Info.plist;
				LD_RUNPATH_SEARCH_PATHS = "$(inherited) @executable_path/Frameworks";
				PRODUCT_BUNDLE_IDENTIFIER = joopooli.ProjectManagementApp;
				PRODUCT_NAME = "$(TARGET_NAME)";
				SWIFT_VERSION = 3.0;
			};
			name = Release;
		};
		C75B20761F2FD42E00EDF48A /* Debug */ = {
			isa = XCBuildConfiguration;
			baseConfigurationReference = 36BB06CF98B59A4B38BB1C18 /* Pods-ProjectManagementAppTests.debug.xcconfig */;
			buildSettings = {
				ALWAYS_EMBED_SWIFT_STANDARD_LIBRARIES = YES;
				BUNDLE_LOADER = "$(TEST_HOST)";
				DEVELOPMENT_TEAM = 4KBRQGT6BP;
				INFOPLIST_FILE = ProjectManagementAppTests/Info.plist;
				LD_RUNPATH_SEARCH_PATHS = "$(inherited) @executable_path/Frameworks @loader_path/Frameworks";
				PRODUCT_BUNDLE_IDENTIFIER = joopooli.ProjectManagementAppTests;
				PRODUCT_NAME = "$(TARGET_NAME)";
				SWIFT_VERSION = 3.0;
				TEST_HOST = "$(BUILT_PRODUCTS_DIR)/ProjectManagementApp.app/ProjectManagementApp";
			};
			name = Debug;
		};
		C75B20771F2FD42E00EDF48A /* Release */ = {
			isa = XCBuildConfiguration;
			baseConfigurationReference = 3D6780A172DAB451676710A7 /* Pods-ProjectManagementAppTests.release.xcconfig */;
			buildSettings = {
				ALWAYS_EMBED_SWIFT_STANDARD_LIBRARIES = YES;
				BUNDLE_LOADER = "$(TEST_HOST)";
				DEVELOPMENT_TEAM = 4KBRQGT6BP;
				INFOPLIST_FILE = ProjectManagementAppTests/Info.plist;
				LD_RUNPATH_SEARCH_PATHS = "$(inherited) @executable_path/Frameworks @loader_path/Frameworks";
				PRODUCT_BUNDLE_IDENTIFIER = joopooli.ProjectManagementAppTests;
				PRODUCT_NAME = "$(TARGET_NAME)";
				SWIFT_VERSION = 3.0;
				TEST_HOST = "$(BUILT_PRODUCTS_DIR)/ProjectManagementApp.app/ProjectManagementApp";
			};
			name = Release;
		};
/* End XCBuildConfiguration section */

/* Begin XCConfigurationList section */
		C75B20501F2FD42E00EDF48A /* Build configuration list for PBXProject "ProjectManagementApp" */ = {
			isa = XCConfigurationList;
			buildConfigurations = (
				C75B20701F2FD42E00EDF48A /* Debug */,
				C75B20711F2FD42E00EDF48A /* Release */,
			);
			defaultConfigurationIsVisible = 0;
			defaultConfigurationName = Release;
		};
		C75B20721F2FD42E00EDF48A /* Build configuration list for PBXNativeTarget "ProjectManagementApp" */ = {
			isa = XCConfigurationList;
			buildConfigurations = (
				C75B20731F2FD42E00EDF48A /* Debug */,
				C75B20741F2FD42E00EDF48A /* Release */,
			);
			defaultConfigurationIsVisible = 0;
			defaultConfigurationName = Release;
		};
		C75B20751F2FD42E00EDF48A /* Build configuration list for PBXNativeTarget "ProjectManagementAppTests" */ = {
			isa = XCConfigurationList;
			buildConfigurations = (
				C75B20761F2FD42E00EDF48A /* Debug */,
				C75B20771F2FD42E00EDF48A /* Release */,
			);
			defaultConfigurationIsVisible = 0;
			defaultConfigurationName = Release;
		};
/* End XCConfigurationList section */
	};
	rootObject = C75B204D1F2FD42E00EDF48A /* Project object */;
}
